<?xml version="1.0" encoding="utf-8"?>
<Project ToolsVersion="4.0" xmlns="http://schemas.microsoft.com/developer/msbuild/2003">
  <ItemGroup>
    <Filter Include="Func">
      <UniqueIdentifier>{6d233459-fe27-4421-bae1-a8dd97c51812}</UniqueIdentifier>
    </Filter>
    <Filter Include="main">
      <UniqueIdentifier>{b5d44e83-253e-47cc-ab9f-c1d34de83737}</UniqueIdentifier>
    </Filter>
  </ItemGroup>
  <ItemGroup>
    <ClCompile Include="main.cpp">
      <Filter>main</Filter>
    </ClCompile>
    <ClCompile Include="Func.cpp">
      <Filter>Func</Filter>
    </ClCompile>
  </ItemGroup>
  <ItemGroup>
    <ClInclude Include="Func.h">
      <Filter>Func</Filter>
    </ClInclude>
  </ItemGroup>
</Project>